
Microsoft Visual Studio Solution File, Format Version 12.00
# Visual Studio Version 17
VisualStudioVersion = 17.5.002.0
MinimumVisualStudioVersion = 10.0.40219.1
Project("{9A19103F-16F7-4668-BE54-9A1E7A4F7556}") = "C#Course", "C#Course.csproj", "{183F2709-5172-4996-A89A-9CC942C8F837}"
EndProject
Global
	GlobalSection(SolutionConfigurationPlatforms) = preSolution
		Debug|Any CPU = Debug|Any CPU
		Release|Any CPU = Release|Any CPU
	EndGlobalSection
	GlobalSection(ProjectConfigurationPlatforms) = postSolution
		{183F2709-5172-4996-A89A-9CC942C8F837}.Debug|Any CPU.ActiveCfg = Debug|Any CPU
		{183F2709-5172-4996-A89A-9CC942C8F837}.Debug|Any CPU.Build.0 = Debug|Any CPU
		{183F2709-5172-4996-A89A-9CC942C8F837}.Release|Any CPU.ActiveCfg = Release|Any CPU
		{183F2709-5172-4996-A89A-9CC942C8F837}.Release|Any CPU.Build.0 = Release|Any CPU
	EndGlobalSection
	GlobalSection(SolutionProperties) = preSolution
		HideSolutionNode = FALSE
	EndGlobalSection
	GlobalSection(ExtensibilityGlobals) = postSolution
		SolutionGuid = {D5081795-BE21-45FC-B00F-0BF7B8D4DBA7}
	EndGlobalSection
EndGlobal
